
Microsoft Visual Studio Solution File, Format Version 12.00
# Visual Studio Version 16
VisualStudioVersion = 16.0.31005.135
MinimumVisualStudioVersion = 10.0.40219.1
Project("{FAE04EC0-301F-11D3-BF4B-00C04F79EFBC}") = "Schaltjahre", "Schaltjahre\Schaltjahre.csproj", "{374F5173-2C17-41EC-874A-EA52A291BAEC}"
EndProject
Project("{FAE04EC0-301F-11D3-BF4B-00C04F79EFBC}") = "Datum", "Datum\Datum.csproj", "{DCDDE12D-FBC8-4356-B4B9-40CFCF6DF2C9}"
EndProject
Project("{FAE04EC0-301F-11D3-BF4B-00C04F79EFBC}") = "Quittung", "Quittung\Quittung.csproj", "{BA43E8C8-ADA2-4F77-836C-6DE24121A226}"
EndProject
Project("{FAE04EC0-301F-11D3-BF4B-00C04F79EFBC}") = "coppied", "coppied\coppied.csproj", "{A7736BA8-B902-43A5-A4DA-BD005C60A087}"
EndProject
Project("{FAE04EC0-301F-11D3-BF4B-00C04F79EFBC}") = "rechne", "rechne\rechne.csproj", "{E144A2BA-E3ED-488A-BEDD-9929791533FC}"
EndProject
Project("{FAE04EC0-301F-11D3-BF4B-00C04F79EFBC}") = "AufgabeWassermelone", "..\..\..\Documents\class project\Software E\Herr Hafner\20_3_SEGL\AufgabeWassermelone\AufgabeWassermelone.csproj", "{CD8D6215-CDCE-47E5-B000-4062A818242C}"
EndProject
Project("{FAE04EC0-301F-11D3-BF4B-00C04F79EFBC}") = "Caculator", "Caculator\Caculator.csproj", "{B660DCE9-A14A-4EA4-B2B5-189BC1EDDEFA}"
EndProject
Project("{FAE04EC0-301F-11D3-BF4B-00C04F79EFBC}") = "Array", "Array\Array.csproj", "{9B8019E7-D7F0-4A89-9F54-9F1E55244B8B}"
EndProject
Project("{FAE04EC0-301F-11D3-BF4B-00C04F79EFBC}") = "Array2", "ConsoleApp1\Array2.csproj", "{958F91C1-03C0-4655-A7C5-F5DA572A451E}"
EndProject
Project("{FAE04EC0-301F-11D3-BF4B-00C04F79EFBC}") = "Array3", "Array3\Array3.csproj", "{3D9BA275-8126-41DF-83AC-95921ECD8FED}"
EndProject
Project("{FAE04EC0-301F-11D3-BF4B-00C04F79EFBC}") = "Lotto", "Lotto\Lotto.csproj", "{5591B57D-A5F0-485E-BB7C-EE0484312B09}"
EndProject
Project("{FAE04EC0-301F-11D3-BF4B-00C04F79EFBC}") = "trial", "trial\trial.csproj", "{22AF0E7B-AD13-4DFA-AF99-79364D7A66ED}"
EndProject
Project("{FAE04EC0-301F-11D3-BF4B-00C04F79EFBC}") = "Lotto1", "Lotto1\Lotto1.csproj", "{10F234F3-B837-4093-A69C-3C9A84F13C14}"
EndProject
Project("{FAE04EC0-301F-11D3-BF4B-00C04F79EFBC}") = "Console Spiel", "Console Spiel\Console Spiel.csproj", "{42626131-7347-45B5-A795-DA6D60A7D4D0}"
EndProject
Project("{FAE04EC0-301F-11D3-BF4B-00C04F79EFBC}") = "DigitaleLogik", "..\..\..\Documents\class project\Software E\Herr Hafner\20_3_SEGL\20_3_SEGL\DigitaleLogik\DigitaleLogik.csproj", "{8DA3CB35-7290-44BE-95A7-3A59BF5F697C}"
EndProject
Project("{FAE04EC0-301F-11D3-BF4B-00C04F79EFBC}") = "Lotto Haffner", "..\..\..\Documents\class project\Software E\Herr Hafner\20_3_SEGL\20_3_SEGL\Lotto\Lotto Haffner.csproj", "{2D89B362-41E4-45B2-9D63-134965C06068}"
EndProject
Project("{FAE04EC0-301F-11D3-BF4B-00C04F79EFBC}") = "Kalt Heis internet copied", "Kalt Heis internet copied\Kalt Heis internet copied.csproj", "{2C3885B1-1269-4802-B4A6-B121F2665CE7}"
EndProject
Project("{FAE04EC0-301F-11D3-BF4B-00C04F79EFBC}") = "Saver", "Saver\Saver.csproj", "{B1926824-2D44-416B-9075-DD18AA067B66}"
EndProject
Project("{FAE04EC0-301F-11D3-BF4B-00C04F79EFBC}") = "WarmOderKalt", "..\..\..\Documents\class project\Software E\Herr Hafner\20_3_SEGL\20_3_SEGL\WarmOderKalt\WarmOderKalt.csproj", "{574F1E61-38BF-4F11-988D-E1AD4EA6D80C}"
EndProject
Project("{FAE04EC0-301F-11D3-BF4B-00C04F79EFBC}") = "Methode 001", "Methode 001\Methode 001.csproj", "{6B0A939F-D634-4B4D-BEDE-E509C1928AF5}"
EndProject
Project("{FAE04EC0-301F-11D3-BF4B-00C04F79EFBC}") = "Array Sortieren", "Array Sortieren\Array Sortieren.csproj", "{DFD4B084-6284-449C-BC81-CA4C91BC47B0}"
EndProject
Project("{FAE04EC0-301F-11D3-BF4B-00C04F79EFBC}") = "zoo software", "zoo software\zoo software.csproj", "{D226223C-4E15-482C-B5BF-333DC4A3338B}"
EndProject
Project("{FAE04EC0-301F-11D3-BF4B-00C04F79EFBC}") = "Rechner 002", "Rechner 002\Rechner 002.csproj", "{6F141DD9-27BC-459A-B998-BCC9A579C49A}"
EndProject
Project("{FAE04EC0-301F-11D3-BF4B-00C04F79EFBC}") = "Klassen", "Klassen\Klassen.csproj", "{0A4098CD-755A-4024-9675-53015FE22E24}"
EndProject
Project("{FAE04EC0-301F-11D3-BF4B-00C04F79EFBC}") = "Klasse Person", "Klasse Person\Klasse Person.csproj", "{99BF3592-960A-45DA-8325-EC7DAB04ADC7}"
EndProject
Project("{FAE04EC0-301F-11D3-BF4B-00C04F79EFBC}") = "Geometrie", "Geometrie\Geometrie.csproj", "{D83DB128-060A-48C5-98F8-97C1C429083F}"
EndProject
Project("{FAE04EC0-301F-11D3-BF4B-00C04F79EFBC}") = "Objekt Orient Programm", "Objekt Orient Programm\Objekt Orient Programm.csproj", "{EDC083CF-DB9E-4B70-A869-A792C6F6E074}"
EndProject
Project("{FAE04EC0-301F-11D3-BF4B-00C04F79EFBC}") = "Bücherei", "Bücherei\Bücherei.csproj", "{F9477A1C-0F58-43A2-8A5E-DEB2C6757412}"
EndProject
Project("{FAE04EC0-301F-11D3-BF4B-00C04F79EFBC}") = "my space 11", "my space 11\my space 11.csproj", "{E0D9E59F-2E99-4021-95C3-B8B387EA7335}"
EndProject
Project("{FAE04EC0-301F-11D3-BF4B-00C04F79EFBC}") = "mathe", "mathe\mathe.csproj", "{745C84B5-1AAA-4C9F-A5B7-D1EE42A7228B}"
EndProject
Project("{FAE04EC0-301F-11D3-BF4B-00C04F79EFBC}") = "stringformatierung", "stringformatirung\stringformatierung.csproj", "{63C7766D-85DB-4DE0-A6BB-FF4B72AF4E55}"
EndProject
Project("{FAE04EC0-301F-11D3-BF4B-00C04F79EFBC}") = "Aufgabe Herr Stab", "Aufgabe Herr Stab\Aufgabe Herr Stab.csproj", "{FEA48398-1C4F-485E-9312-3414EF291681}"
EndProject
Project("{FAE04EC0-301F-11D3-BF4B-00C04F79EFBC}") = "Statischesmember", "Statischesmember\Statischesmember.csproj", "{F6AEE993-9382-435E-AEB7-E0E7E7B31D06}"
EndProject
Project("{FAE04EC0-301F-11D3-BF4B-00C04F79EFBC}") = "VererbungGrundlagen", "VererbungGrundlagen\VererbungGrundlagen.csproj", "{16BA3631-DDFA-4B76-9C06-73C422821970}"
EndProject
Project("{FAE04EC0-301F-11D3-BF4B-00C04F79EFBC}") = "Herr Stab aufgabe 002", "Herr Stab aufgabe 002\Herr Stab aufgabe 002.csproj", "{FB92CC3C-BA5B-4B9A-AFC9-5F77FC886D59}"
EndProject
Project("{FAE04EC0-301F-11D3-BF4B-00C04F79EFBC}") = "Tiere", "Tiere\Tiere.csproj", "{FF2D35CE-5737-4085-A379-BC31F09D11A8}"
EndProject
Project("{FAE04EC0-301F-11D3-BF4B-00C04F79EFBC}") = "Override", "Override\Override.csproj", "{02DDF642-BD88-49B5-A0DA-12E82E36868D}"
EndProject
Project("{FAE04EC0-301F-11D3-BF4B-00C04F79EFBC}") = "overrideBeispeil", "overrideBeispeil\overrideBeispeil.csproj", "{2BCC4612-6DBD-4466-9A8F-C2A3ADDABD96}"
EndProject
Project("{FAE04EC0-301F-11D3-BF4B-00C04F79EFBC}") = "Override Aufgabe Herr Stab", "Override Aufgabe Herr Stab\Override Aufgabe Herr Stab.csproj", "{A337DD98-9244-439B-A496-E2C79B17BABE}"
EndProject
Project("{FAE04EC0-301F-11D3-BF4B-00C04F79EFBC}") = "Polymorphie Aufgabe", "Polymorphie Aufgabe\Polymorphie Aufgabe.csproj", "{7AF982C5-A572-451F-A43B-98ABE226876C}"
EndProject
Project("{FAE04EC0-301F-11D3-BF4B-00C04F79EFBC}") = "My Spiel", "My Spiel\My Spiel.csproj", "{9D1ACFA4-3053-4BF4-A51A-3CAAEF5C9C05}"
EndProject
Project("{FAE04EC0-301F-11D3-BF4B-00C04F79EFBC}") = "Enumeration", "Enumeration\Enumeration.csproj", "{34B877BA-0D0B-4BE5-A5D6-7C02552069C1}"
EndProject
Project("{FAE04EC0-301F-11D3-BF4B-00C04F79EFBC}") = "Chama Bank", "Chama Bank\Chama Bank.csproj", "{05988108-87CC-4465-9A02-45812ADB0ED1}"
EndProject
Project("{FAE04EC0-301F-11D3-BF4B-00C04F79EFBC}") = "Vererbung2", "Vererbung2\Vererbung2.csproj", "{FA117BB0-B16F-4D5F-A7A8-C542C2211ECF}"
EndProject
Project("{FAE04EC0-301F-11D3-BF4B-00C04F79EFBC}") = "Verebung3", "Verebung3\Verebung3.csproj", "{54FE4C9C-3234-4C34-9460-B111EC5625C4}"
EndProject
Project("{FAE04EC0-301F-11D3-BF4B-00C04F79EFBC}") = "Vererbung3", "Vererbung3\Vererbung3.csproj", "{7F5D9628-59AE-412D-A801-F0182027F9D5}"
EndProject
Project("{FAE04EC0-301F-11D3-BF4B-00C04F79EFBC}") = "Projekt DELEGATE", "Projekt DELEGATE\Projekt DELEGATE.csproj", "{2D3CF1E0-8AE0-4E26-899E-0258F437039A}"
EndProject
Project("{FAE04EC0-301F-11D3-BF4B-00C04F79EFBC}") = "Rechnervetwaltung", "Rechnervetwaltung\Rechnervetwaltung.csproj", "{D790F757-CCE4-41AE-AAB1-D98750088556}"
EndProject
Project("{FAE04EC0-301F-11D3-BF4B-00C04F79EFBC}") = "XML", "XML\XML.csproj", "{1E795202-FA62-46F3-961F-52F684F11553}"
EndProject
Project("{FAE04EC0-301F-11D3-BF4B-00C04F79EFBC}") = "Mathematics", "Mathematics\Mathematics.csproj", "{836B605F-5070-4F10-BE9A-F3E2B1859DED}"
EndProject
Project("{FAE04EC0-301F-11D3-BF4B-00C04F79EFBC}") = "Json-Serialisierung", "Json-Serialisierung\Json-Serialisierung.csproj", "{D4FA1BE8-B53C-4770-B09F-0733F4C228C0}"
EndProject
Project("{FAE04EC0-301F-11D3-BF4B-00C04F79EFBC}") = "AufgabeJson_1", "AufgabeJson_1\AufgabeJson_1.csproj", "{C8BD2EAD-677F-43A0-90A3-3C263C6F5914}"
EndProject
Project("{FAE04EC0-301F-11D3-BF4B-00C04F79EFBC}") = "AufgabeJson_2", "AufgabeJson_2\AufgabeJson_2.csproj", "{308B25D0-10C7-40EF-95D5-DF29A3989124}"
EndProject
Project("{FAE04EC0-301F-11D3-BF4B-00C04F79EFBC}") = "AufgabeJson_3", "AufgabeJson_3\AufgabeJson_3.csproj", "{1DA0B9C7-6409-44FB-BEC4-10055732320D}"
EndProject
Project("{FAE04EC0-301F-11D3-BF4B-00C04F79EFBC}") = "AufgabeJson_4", "AufgabeJson_4\AufgabeJson_4.csproj", "{C315DF82-98E7-448D-9C62-FBEF2F6EE8C5}"
EndProject
Project("{FAE04EC0-301F-11D3-BF4B-00C04F79EFBC}") = "TaschenrechnerOOP", "TaschenrechnerOOP\TaschenrechnerOOP.csproj", "{7F039AB6-0345-4BCE-A806-E231C7D1C36C}"
EndProject
Project("{FAE04EC0-301F-11D3-BF4B-00C04F79EFBC}") = "LINQ", "LINQ\LINQ.csproj", "{D39C5DC9-18EB-4D21-B996-3C1A57A9EF7E}"
EndProject
Project("{FAE04EC0-301F-11D3-BF4B-00C04F79EFBC}") = "Aufgabe Json 10.06", "Aufgabe Json 10.06\Aufgabe Json 10.06.csproj", "{EDE4E88E-E010-48B4-A0DE-37FB928DF7D1}"
EndProject
Project("{FAE04EC0-301F-11D3-BF4B-00C04F79EFBC}") = "Computer", "Computer\Computer.csproj", "{8D81BD5A-39CA-472A-AB13-6FAB1E21B585}"
EndProject
Project("{FAE04EC0-301F-11D3-BF4B-00C04F79EFBC}") = "WpfApp1", "WpfApp1\WpfApp1.csproj", "{57F26DFA-817D-4B70-B1A7-FD0CFDE556CC}"
EndProject
Project("{FAE04EC0-301F-11D3-BF4B-00C04F79EFBC}") = "WpfAppCalc", "WpfAppCalc\WpfAppCalc.csproj", "{995FB4D4-460B-4973-ABF9-3E1254FF7796}"
EndProject
Project("{FAE04EC0-301F-11D3-BF4B-00C04F79EFBC}") = "WpfAppAnfrage", "WpfAppAnfrage\WpfAppAnfrage.csproj", "{E82E88CF-01C0-4094-BE5B-5F705BF0D7EB}"
EndProject
Project("{FAE04EC0-301F-11D3-BF4B-00C04F79EFBC}") = "MitarbeiterWFP", "..\MitarbeiterWFP\MitarbeiterWFP.csproj", "{FC8F42AF-6E66-48DE-BB77-A5E51EACAA8E}"
EndProject
Project("{FAE04EC0-301F-11D3-BF4B-00C04F79EFBC}") = "WpfApp2 25.06.2021", "WpfApp2 25.06.2021\WpfApp2 25.06.2021.csproj", "{DFEC5B9F-F101-4CBE-9931-D330A8BF158F}"
EndProject
Project("{FAE04EC0-301F-11D3-BF4B-00C04F79EFBC}") = "WpfApp2BindingAnObejekt", "WpfApp2BindingAnObejekt\WpfApp2BindingAnObejekt.csproj", "{172A7249-01F2-4CE3-867C-C177F4F94ACA}"
EndProject
Project("{FAE04EC0-301F-11D3-BF4B-00C04F79EFBC}") = "ADONET", "ADONET\ADONET.csproj", "{C5F0D63E-FDFD-4592-926A-015A95B2CB28}"
EndProject
Project("{FAE04EC0-301F-11D3-BF4B-00C04F79EFBC}") = "ADO-NET-Eibführung", "ADO-NET-Eibführung\ADO-NET-Eibführung.csproj", "{ECD55DE7-D839-4A72-AF09-053F842BDA5C}"
EndProject
Project("{FAE04EC0-301F-11D3-BF4B-00C04F79EFBC}") = "Stremark Mitarbeiter GmbH", "Stremark Mitarbeiter GmbH\Stremark Mitarbeiter GmbH.csproj", "{D3F1C92E-E996-4E43-BF87-4291C654DC1C}"
EndProject
Global
	GlobalSection(SolutionConfigurationPlatforms) = preSolution
		Debug|Any CPU = Debug|Any CPU
		Release|Any CPU = Release|Any CPU
	EndGlobalSection
	GlobalSection(ProjectConfigurationPlatforms) = postSolution
		{374F5173-2C17-41EC-874A-EA52A291BAEC}.Debug|Any CPU.ActiveCfg = Debug|Any CPU
		{374F5173-2C17-41EC-874A-EA52A291BAEC}.Debug|Any CPU.Build.0 = Debug|Any CPU
		{374F5173-2C17-41EC-874A-EA52A291BAEC}.Release|Any CPU.ActiveCfg = Release|Any CPU
		{374F5173-2C17-41EC-874A-EA52A291BAEC}.Release|Any CPU.Build.0 = Release|Any CPU
		{DCDDE12D-FBC8-4356-B4B9-40CFCF6DF2C9}.Debug|Any CPU.ActiveCfg = Debug|Any CPU
		{DCDDE12D-FBC8-4356-B4B9-40CFCF6DF2C9}.Debug|Any CPU.Build.0 = Debug|Any CPU
		{DCDDE12D-FBC8-4356-B4B9-40CFCF6DF2C9}.Release|Any CPU.ActiveCfg = Release|Any CPU
		{DCDDE12D-FBC8-4356-B4B9-40CFCF6DF2C9}.Release|Any CPU.Build.0 = Release|Any CPU
		{BA43E8C8-ADA2-4F77-836C-6DE24121A226}.Debug|Any CPU.ActiveCfg = Debug|Any CPU
		{BA43E8C8-ADA2-4F77-836C-6DE24121A226}.Debug|Any CPU.Build.0 = Debug|Any CPU
		{BA43E8C8-ADA2-4F77-836C-6DE24121A226}.Release|Any CPU.ActiveCfg = Release|Any CPU
		{BA43E8C8-ADA2-4F77-836C-6DE24121A226}.Release|Any CPU.Build.0 = Release|Any CPU
		{A7736BA8-B902-43A5-A4DA-BD005C60A087}.Debug|Any CPU.ActiveCfg = Debug|Any CPU
		{A7736BA8-B902-43A5-A4DA-BD005C60A087}.Debug|Any CPU.Build.0 = Debug|Any CPU
		{A7736BA8-B902-43A5-A4DA-BD005C60A087}.Release|Any CPU.ActiveCfg = Release|Any CPU
		{A7736BA8-B902-43A5-A4DA-BD005C60A087}.Release|Any CPU.Build.0 = Release|Any CPU
		{E144A2BA-E3ED-488A-BEDD-9929791533FC}.Debug|Any CPU.ActiveCfg = Debug|Any CPU
		{E144A2BA-E3ED-488A-BEDD-9929791533FC}.Debug|Any CPU.Build.0 = Debug|Any CPU
		{E144A2BA-E3ED-488A-BEDD-9929791533FC}.Release|Any CPU.ActiveCfg = Release|Any CPU
		{E144A2BA-E3ED-488A-BEDD-9929791533FC}.Release|Any CPU.Build.0 = Release|Any CPU
		{CD8D6215-CDCE-47E5-B000-4062A818242C}.Debug|Any CPU.ActiveCfg = Debug|Any CPU
		{CD8D6215-CDCE-47E5-B000-4062A818242C}.Debug|Any CPU.Build.0 = Debug|Any CPU
		{CD8D6215-CDCE-47E5-B000-4062A818242C}.Release|Any CPU.ActiveCfg = Release|Any CPU
		{CD8D6215-CDCE-47E5-B000-4062A818242C}.Release|Any CPU.Build.0 = Release|Any CPU
		{B660DCE9-A14A-4EA4-B2B5-189BC1EDDEFA}.Debug|Any CPU.ActiveCfg = Debug|Any CPU
		{B660DCE9-A14A-4EA4-B2B5-189BC1EDDEFA}.Debug|Any CPU.Build.0 = Debug|Any CPU
		{B660DCE9-A14A-4EA4-B2B5-189BC1EDDEFA}.Release|Any CPU.ActiveCfg = Release|Any CPU
		{B660DCE9-A14A-4EA4-B2B5-189BC1EDDEFA}.Release|Any CPU.Build.0 = Release|Any CPU
		{9B8019E7-D7F0-4A89-9F54-9F1E55244B8B}.Debug|Any CPU.ActiveCfg = Debug|Any CPU
		{9B8019E7-D7F0-4A89-9F54-9F1E55244B8B}.Debug|Any CPU.Build.0 = Debug|Any CPU
		{9B8019E7-D7F0-4A89-9F54-9F1E55244B8B}.Release|Any CPU.ActiveCfg = Release|Any CPU
		{9B8019E7-D7F0-4A89-9F54-9F1E55244B8B}.Release|Any CPU.Build.0 = Release|Any CPU
		{958F91C1-03C0-4655-A7C5-F5DA572A451E}.Debug|Any CPU.ActiveCfg = Debug|Any CPU
		{958F91C1-03C0-4655-A7C5-F5DA572A451E}.Debug|Any CPU.Build.0 = Debug|Any CPU
		{958F91C1-03C0-4655-A7C5-F5DA572A451E}.Release|Any CPU.ActiveCfg = Release|Any CPU
		{958F91C1-03C0-4655-A7C5-F5DA572A451E}.Release|Any CPU.Build.0 = Release|Any CPU
		{3D9BA275-8126-41DF-83AC-95921ECD8FED}.Debug|Any CPU.ActiveCfg = Debug|Any CPU
		{3D9BA275-8126-41DF-83AC-95921ECD8FED}.Debug|Any CPU.Build.0 = Debug|Any CPU
		{3D9BA275-8126-41DF-83AC-95921ECD8FED}.Release|Any CPU.ActiveCfg = Release|Any CPU
		{3D9BA275-8126-41DF-83AC-95921ECD8FED}.Release|Any CPU.Build.0 = Release|Any CPU
		{5591B57D-A5F0-485E-BB7C-EE0484312B09}.Debug|Any CPU.ActiveCfg = Debug|Any CPU
		{5591B57D-A5F0-485E-BB7C-EE0484312B09}.Debug|Any CPU.Build.0 = Debug|Any CPU
		{5591B57D-A5F0-485E-BB7C-EE0484312B09}.Release|Any CPU.ActiveCfg = Release|Any CPU
		{5591B57D-A5F0-485E-BB7C-EE0484312B09}.Release|Any CPU.Build.0 = Release|Any CPU
		{22AF0E7B-AD13-4DFA-AF99-79364D7A66ED}.Debug|Any CPU.ActiveCfg = Debug|Any CPU
		{22AF0E7B-AD13-4DFA-AF99-79364D7A66ED}.Debug|Any CPU.Build.0 = Debug|Any CPU
		{22AF0E7B-AD13-4DFA-AF99-79364D7A66ED}.Release|Any CPU.ActiveCfg = Release|Any CPU
		{22AF0E7B-AD13-4DFA-AF99-79364D7A66ED}.Release|Any CPU.Build.0 = Release|Any CPU
		{10F234F3-B837-4093-A69C-3C9A84F13C14}.Debug|Any CPU.ActiveCfg = Debug|Any CPU
		{10F234F3-B837-4093-A69C-3C9A84F13C14}.Debug|Any CPU.Build.0 = Debug|Any CPU
		{10F234F3-B837-4093-A69C-3C9A84F13C14}.Release|Any CPU.ActiveCfg = Release|Any CPU
		{10F234F3-B837-4093-A69C-3C9A84F13C14}.Release|Any CPU.Build.0 = Release|Any CPU
		{42626131-7347-45B5-A795-DA6D60A7D4D0}.Debug|Any CPU.ActiveCfg = Debug|Any CPU
		{42626131-7347-45B5-A795-DA6D60A7D4D0}.Debug|Any CPU.Build.0 = Debug|Any CPU
		{42626131-7347-45B5-A795-DA6D60A7D4D0}.Release|Any CPU.ActiveCfg = Release|Any CPU
		{42626131-7347-45B5-A795-DA6D60A7D4D0}.Release|Any CPU.Build.0 = Release|Any CPU
		{8DA3CB35-7290-44BE-95A7-3A59BF5F697C}.Debug|Any CPU.ActiveCfg = Debug|Any CPU
		{8DA3CB35-7290-44BE-95A7-3A59BF5F697C}.Debug|Any CPU.Build.0 = Debug|Any CPU
		{8DA3CB35-7290-44BE-95A7-3A59BF5F697C}.Release|Any CPU.ActiveCfg = Release|Any CPU
		{8DA3CB35-7290-44BE-95A7-3A59BF5F697C}.Release|Any CPU.Build.0 = Release|Any CPU
		{2D89B362-41E4-45B2-9D63-134965C06068}.Debug|Any CPU.ActiveCfg = Debug|Any CPU
		{2D89B362-41E4-45B2-9D63-134965C06068}.Debug|Any CPU.Build.0 = Debug|Any CPU
		{2D89B362-41E4-45B2-9D63-134965C06068}.Release|Any CPU.ActiveCfg = Release|Any CPU
		{2D89B362-41E4-45B2-9D63-134965C06068}.Release|Any CPU.Build.0 = Release|Any CPU
		{2C3885B1-1269-4802-B4A6-B121F2665CE7}.Debug|Any CPU.ActiveCfg = Debug|Any CPU
		{2C3885B1-1269-4802-B4A6-B121F2665CE7}.Debug|Any CPU.Build.0 = Debug|Any CPU
		{2C3885B1-1269-4802-B4A6-B121F2665CE7}.Release|Any CPU.ActiveCfg = Release|Any CPU
		{2C3885B1-1269-4802-B4A6-B121F2665CE7}.Release|Any CPU.Build.0 = Release|Any CPU
		{B1926824-2D44-416B-9075-DD18AA067B66}.Debug|Any CPU.ActiveCfg = Debug|Any CPU
		{B1926824-2D44-416B-9075-DD18AA067B66}.Debug|Any CPU.Build.0 = Debug|Any CPU
		{B1926824-2D44-416B-9075-DD18AA067B66}.Release|Any CPU.ActiveCfg = Release|Any CPU
		{B1926824-2D44-416B-9075-DD18AA067B66}.Release|Any CPU.Build.0 = Release|Any CPU
		{574F1E61-38BF-4F11-988D-E1AD4EA6D80C}.Debug|Any CPU.ActiveCfg = Debug|Any CPU
		{574F1E61-38BF-4F11-988D-E1AD4EA6D80C}.Debug|Any CPU.Build.0 = Debug|Any CPU
		{574F1E61-38BF-4F11-988D-E1AD4EA6D80C}.Release|Any CPU.ActiveCfg = Release|Any CPU
		{574F1E61-38BF-4F11-988D-E1AD4EA6D80C}.Release|Any CPU.Build.0 = Release|Any CPU
		{6B0A939F-D634-4B4D-BEDE-E509C1928AF5}.Debug|Any CPU.ActiveCfg = Debug|Any CPU
		{6B0A939F-D634-4B4D-BEDE-E509C1928AF5}.Debug|Any CPU.Build.0 = Debug|Any CPU
		{6B0A939F-D634-4B4D-BEDE-E509C1928AF5}.Release|Any CPU.ActiveCfg = Release|Any CPU
		{6B0A939F-D634-4B4D-BEDE-E509C1928AF5}.Release|Any CPU.Build.0 = Release|Any CPU
		{DFD4B084-6284-449C-BC81-CA4C91BC47B0}.Debug|Any CPU.ActiveCfg = Debug|Any CPU
		{DFD4B084-6284-449C-BC81-CA4C91BC47B0}.Debug|Any CPU.Build.0 = Debug|Any CPU
		{DFD4B084-6284-449C-BC81-CA4C91BC47B0}.Release|Any CPU.ActiveCfg = Release|Any CPU
		{DFD4B084-6284-449C-BC81-CA4C91BC47B0}.Release|Any CPU.Build.0 = Release|Any CPU
		{D226223C-4E15-482C-B5BF-333DC4A3338B}.Debug|Any CPU.ActiveCfg = Debug|Any CPU
		{D226223C-4E15-482C-B5BF-333DC4A3338B}.Debug|Any CPU.Build.0 = Debug|Any CPU
		{D226223C-4E15-482C-B5BF-333DC4A3338B}.Release|Any CPU.ActiveCfg = Release|Any CPU
		{D226223C-4E15-482C-B5BF-333DC4A3338B}.Release|Any CPU.Build.0 = Release|Any CPU
		{6F141DD9-27BC-459A-B998-BCC9A579C49A}.Debug|Any CPU.ActiveCfg = Debug|Any CPU
		{6F141DD9-27BC-459A-B998-BCC9A579C49A}.Debug|Any CPU.Build.0 = Debug|Any CPU
		{6F141DD9-27BC-459A-B998-BCC9A579C49A}.Release|Any CPU.ActiveCfg = Release|Any CPU
		{6F141DD9-27BC-459A-B998-BCC9A579C49A}.Release|Any CPU.Build.0 = Release|Any CPU
		{0A4098CD-755A-4024-9675-53015FE22E24}.Debug|Any CPU.ActiveCfg = Debug|Any CPU
		{0A4098CD-755A-4024-9675-53015FE22E24}.Debug|Any CPU.Build.0 = Debug|Any CPU
		{0A4098CD-755A-4024-9675-53015FE22E24}.Release|Any CPU.ActiveCfg = Release|Any CPU
		{0A4098CD-755A-4024-9675-53015FE22E24}.Release|Any CPU.Build.0 = Release|Any CPU
		{99BF3592-960A-45DA-8325-EC7DAB04ADC7}.Debug|Any CPU.ActiveCfg = Debug|Any CPU
		{99BF3592-960A-45DA-8325-EC7DAB04ADC7}.Debug|Any CPU.Build.0 = Debug|Any CPU
		{99BF3592-960A-45DA-8325-EC7DAB04ADC7}.Release|Any CPU.ActiveCfg = Release|Any CPU
		{99BF3592-960A-45DA-8325-EC7DAB04ADC7}.Release|Any CPU.Build.0 = Release|Any CPU
		{D83DB128-060A-48C5-98F8-97C1C429083F}.Debug|Any CPU.ActiveCfg = Debug|Any CPU
		{D83DB128-060A-48C5-98F8-97C1C429083F}.Debug|Any CPU.Build.0 = Debug|Any CPU
		{D83DB128-060A-48C5-98F8-97C1C429083F}.Release|Any CPU.ActiveCfg = Release|Any CPU
		{D83DB128-060A-48C5-98F8-97C1C429083F}.Release|Any CPU.Build.0 = Release|Any CPU
		{EDC083CF-DB9E-4B70-A869-A792C6F6E074}.Debug|Any CPU.ActiveCfg = Debug|Any CPU
		{EDC083CF-DB9E-4B70-A869-A792C6F6E074}.Debug|Any CPU.Build.0 = Debug|Any CPU
		{EDC083CF-DB9E-4B70-A869-A792C6F6E074}.Release|Any CPU.ActiveCfg = Release|Any CPU
		{EDC083CF-DB9E-4B70-A869-A792C6F6E074}.Release|Any CPU.Build.0 = Release|Any CPU
		{F9477A1C-0F58-43A2-8A5E-DEB2C6757412}.Debug|Any CPU.ActiveCfg = Debug|Any CPU
		{F9477A1C-0F58-43A2-8A5E-DEB2C6757412}.Debug|Any CPU.Build.0 = Debug|Any CPU
		{F9477A1C-0F58-43A2-8A5E-DEB2C6757412}.Release|Any CPU.ActiveCfg = Release|Any CPU
		{F9477A1C-0F58-43A2-8A5E-DEB2C6757412}.Release|Any CPU.Build.0 = Release|Any CPU
		{E0D9E59F-2E99-4021-95C3-B8B387EA7335}.Debug|Any CPU.ActiveCfg = Debug|Any CPU
		{E0D9E59F-2E99-4021-95C3-B8B387EA7335}.Debug|Any CPU.Build.0 = Debug|Any CPU
		{E0D9E59F-2E99-4021-95C3-B8B387EA7335}.Release|Any CPU.ActiveCfg = Release|Any CPU
		{E0D9E59F-2E99-4021-95C3-B8B387EA7335}.Release|Any CPU.Build.0 = Release|Any CPU
		{745C84B5-1AAA-4C9F-A5B7-D1EE42A7228B}.Debug|Any CPU.ActiveCfg = Debug|Any CPU
		{745C84B5-1AAA-4C9F-A5B7-D1EE42A7228B}.Debug|Any CPU.Build.0 = Debug|Any CPU
		{745C84B5-1AAA-4C9F-A5B7-D1EE42A7228B}.Release|Any CPU.ActiveCfg = Release|Any CPU
		{745C84B5-1AAA-4C9F-A5B7-D1EE42A7228B}.Release|Any CPU.Build.0 = Release|Any CPU
		{63C7766D-85DB-4DE0-A6BB-FF4B72AF4E55}.Debug|Any CPU.ActiveCfg = Debug|Any CPU
		{63C7766D-85DB-4DE0-A6BB-FF4B72AF4E55}.Debug|Any CPU.Build.0 = Debug|Any CPU
		{63C7766D-85DB-4DE0-A6BB-FF4B72AF4E55}.Release|Any CPU.ActiveCfg = Release|Any CPU
		{63C7766D-85DB-4DE0-A6BB-FF4B72AF4E55}.Release|Any CPU.Build.0 = Release|Any CPU
		{FEA48398-1C4F-485E-9312-3414EF291681}.Debug|Any CPU.ActiveCfg = Debug|Any CPU
		{FEA48398-1C4F-485E-9312-3414EF291681}.Debug|Any CPU.Build.0 = Debug|Any CPU
		{FEA48398-1C4F-485E-9312-3414EF291681}.Release|Any CPU.ActiveCfg = Release|Any CPU
		{FEA48398-1C4F-485E-9312-3414EF291681}.Release|Any CPU.Build.0 = Release|Any CPU
		{F6AEE993-9382-435E-AEB7-E0E7E7B31D06}.Debug|Any CPU.ActiveCfg = Debug|Any CPU
		{F6AEE993-9382-435E-AEB7-E0E7E7B31D06}.Debug|Any CPU.Build.0 = Debug|Any CPU
		{F6AEE993-9382-435E-AEB7-E0E7E7B31D06}.Release|Any CPU.ActiveCfg = Release|Any CPU
		{F6AEE993-9382-435E-AEB7-E0E7E7B31D06}.Release|Any CPU.Build.0 = Release|Any CPU
		{16BA3631-DDFA-4B76-9C06-73C422821970}.Debug|Any CPU.ActiveCfg = Debug|Any CPU
		{16BA3631-DDFA-4B76-9C06-73C422821970}.Debug|Any CPU.Build.0 = Debug|Any CPU
		{16BA3631-DDFA-4B76-9C06-73C422821970}.Release|Any CPU.ActiveCfg = Release|Any CPU
		{16BA3631-DDFA-4B76-9C06-73C422821970}.Release|Any CPU.Build.0 = Release|Any CPU
		{FB92CC3C-BA5B-4B9A-AFC9-5F77FC886D59}.Debug|Any CPU.ActiveCfg = Debug|Any CPU
		{FB92CC3C-BA5B-4B9A-AFC9-5F77FC886D59}.Debug|Any CPU.Build.0 = Debug|Any CPU
		{FB92CC3C-BA5B-4B9A-AFC9-5F77FC886D59}.Release|Any CPU.ActiveCfg = Release|Any CPU
		{FB92CC3C-BA5B-4B9A-AFC9-5F77FC886D59}.Release|Any CPU.Build.0 = Release|Any CPU
		{FF2D35CE-5737-4085-A379-BC31F09D11A8}.Debug|Any CPU.ActiveCfg = Debug|Any CPU
		{FF2D35CE-5737-4085-A379-BC31F09D11A8}.Debug|Any CPU.Build.0 = Debug|Any CPU
		{FF2D35CE-5737-4085-A379-BC31F09D11A8}.Release|Any CPU.ActiveCfg = Release|Any CPU
		{FF2D35CE-5737-4085-A379-BC31F09D11A8}.Release|Any CPU.Build.0 = Release|Any CPU
		{02DDF642-BD88-49B5-A0DA-12E82E36868D}.Debug|Any CPU.ActiveCfg = Debug|Any CPU
		{02DDF642-BD88-49B5-A0DA-12E82E36868D}.Debug|Any CPU.Build.0 = Debug|Any CPU
		{02DDF642-BD88-49B5-A0DA-12E82E36868D}.Release|Any CPU.ActiveCfg = Release|Any CPU
		{02DDF642-BD88-49B5-A0DA-12E82E36868D}.Release|Any CPU.Build.0 = Release|Any CPU
		{2BCC4612-6DBD-4466-9A8F-C2A3ADDABD96}.Debug|Any CPU.ActiveCfg = Debug|Any CPU
		{2BCC4612-6DBD-4466-9A8F-C2A3ADDABD96}.Debug|Any CPU.Build.0 = Debug|Any CPU
		{2BCC4612-6DBD-4466-9A8F-C2A3ADDABD96}.Release|Any CPU.ActiveCfg = Release|Any CPU
		{2BCC4612-6DBD-4466-9A8F-C2A3ADDABD96}.Release|Any CPU.Build.0 = Release|Any CPU
		{A337DD98-9244-439B-A496-E2C79B17BABE}.Debug|Any CPU.ActiveCfg = Debug|Any CPU
		{A337DD98-9244-439B-A496-E2C79B17BABE}.Debug|Any CPU.Build.0 = Debug|Any CPU
		{A337DD98-9244-439B-A496-E2C79B17BABE}.Release|Any CPU.ActiveCfg = Release|Any CPU
		{A337DD98-9244-439B-A496-E2C79B17BABE}.Release|Any CPU.Build.0 = Release|Any CPU
		{7AF982C5-A572-451F-A43B-98ABE226876C}.Debug|Any CPU.ActiveCfg = Debug|Any CPU
		{7AF982C5-A572-451F-A43B-98ABE226876C}.Debug|Any CPU.Build.0 = Debug|Any CPU
		{7AF982C5-A572-451F-A43B-98ABE226876C}.Release|Any CPU.ActiveCfg = Release|Any CPU
		{7AF982C5-A572-451F-A43B-98ABE226876C}.Release|Any CPU.Build.0 = Release|Any CPU
		{9D1ACFA4-3053-4BF4-A51A-3CAAEF5C9C05}.Debug|Any CPU.ActiveCfg = Debug|Any CPU
		{9D1ACFA4-3053-4BF4-A51A-3CAAEF5C9C05}.Debug|Any CPU.Build.0 = Debug|Any CPU
		{9D1ACFA4-3053-4BF4-A51A-3CAAEF5C9C05}.Release|Any CPU.ActiveCfg = Release|Any CPU
		{9D1ACFA4-3053-4BF4-A51A-3CAAEF5C9C05}.Release|Any CPU.Build.0 = Release|Any CPU
		{34B877BA-0D0B-4BE5-A5D6-7C02552069C1}.Debug|Any CPU.ActiveCfg = Debug|Any CPU
		{34B877BA-0D0B-4BE5-A5D6-7C02552069C1}.Debug|Any CPU.Build.0 = Debug|Any CPU
		{34B877BA-0D0B-4BE5-A5D6-7C02552069C1}.Release|Any CPU.ActiveCfg = Release|Any CPU
		{34B877BA-0D0B-4BE5-A5D6-7C02552069C1}.Release|Any CPU.Build.0 = Release|Any CPU
		{05988108-87CC-4465-9A02-45812ADB0ED1}.Debug|Any CPU.ActiveCfg = Debug|Any CPU
		{05988108-87CC-4465-9A02-45812ADB0ED1}.Debug|Any CPU.Build.0 = Debug|Any CPU
		{05988108-87CC-4465-9A02-45812ADB0ED1}.Release|Any CPU.ActiveCfg = Release|Any CPU
		{05988108-87CC-4465-9A02-45812ADB0ED1}.Release|Any CPU.Build.0 = Release|Any CPU
		{FA117BB0-B16F-4D5F-A7A8-C542C2211ECF}.Debug|Any CPU.ActiveCfg = Debug|Any CPU
		{FA117BB0-B16F-4D5F-A7A8-C542C2211ECF}.Debug|Any CPU.Build.0 = Debug|Any CPU
		{FA117BB0-B16F-4D5F-A7A8-C542C2211ECF}.Release|Any CPU.ActiveCfg = Release|Any CPU
		{FA117BB0-B16F-4D5F-A7A8-C542C2211ECF}.Release|Any CPU.Build.0 = Release|Any CPU
		{54FE4C9C-3234-4C34-9460-B111EC5625C4}.Debug|Any CPU.ActiveCfg = Debug|Any CPU
		{54FE4C9C-3234-4C34-9460-B111EC5625C4}.Debug|Any CPU.Build.0 = Debug|Any CPU
		{54FE4C9C-3234-4C34-9460-B111EC5625C4}.Release|Any CPU.ActiveCfg = Release|Any CPU
		{54FE4C9C-3234-4C34-9460-B111EC5625C4}.Release|Any CPU.Build.0 = Release|Any CPU
		{7F5D9628-59AE-412D-A801-F0182027F9D5}.Debug|Any CPU.ActiveCfg = Debug|Any CPU
		{7F5D9628-59AE-412D-A801-F0182027F9D5}.Debug|Any CPU.Build.0 = Debug|Any CPU
		{7F5D9628-59AE-412D-A801-F0182027F9D5}.Release|Any CPU.ActiveCfg = Release|Any CPU
		{7F5D9628-59AE-412D-A801-F0182027F9D5}.Release|Any CPU.Build.0 = Release|Any CPU
		{2D3CF1E0-8AE0-4E26-899E-0258F437039A}.Debug|Any CPU.ActiveCfg = Debug|Any CPU
		{2D3CF1E0-8AE0-4E26-899E-0258F437039A}.Debug|Any CPU.Build.0 = Debug|Any CPU
		{2D3CF1E0-8AE0-4E26-899E-0258F437039A}.Release|Any CPU.ActiveCfg = Release|Any CPU
		{2D3CF1E0-8AE0-4E26-899E-0258F437039A}.Release|Any CPU.Build.0 = Release|Any CPU
		{D790F757-CCE4-41AE-AAB1-D98750088556}.Debug|Any CPU.ActiveCfg = Debug|Any CPU
		{D790F757-CCE4-41AE-AAB1-D98750088556}.Debug|Any CPU.Build.0 = Debug|Any CPU
		{D790F757-CCE4-41AE-AAB1-D98750088556}.Release|Any CPU.ActiveCfg = Release|Any CPU
		{D790F757-CCE4-41AE-AAB1-D98750088556}.Release|Any CPU.Build.0 = Release|Any CPU
		{1E795202-FA62-46F3-961F-52F684F11553}.Debug|Any CPU.ActiveCfg = Debug|Any CPU
		{1E795202-FA62-46F3-961F-52F684F11553}.Debug|Any CPU.Build.0 = Debug|Any CPU
		{1E795202-FA62-46F3-961F-52F684F11553}.Release|Any CPU.ActiveCfg = Release|Any CPU
		{1E795202-FA62-46F3-961F-52F684F11553}.Release|Any CPU.Build.0 = Release|Any CPU
		{836B605F-5070-4F10-BE9A-F3E2B1859DED}.Debug|Any CPU.ActiveCfg = Debug|Any CPU
		{836B605F-5070-4F10-BE9A-F3E2B1859DED}.Debug|Any CPU.Build.0 = Debug|Any CPU
		{836B605F-5070-4F10-BE9A-F3E2B1859DED}.Release|Any CPU.ActiveCfg = Release|Any CPU
		{836B605F-5070-4F10-BE9A-F3E2B1859DED}.Release|Any CPU.Build.0 = Release|Any CPU
		{D4FA1BE8-B53C-4770-B09F-0733F4C228C0}.Debug|Any CPU.ActiveCfg = Debug|Any CPU
		{D4FA1BE8-B53C-4770-B09F-0733F4C228C0}.Debug|Any CPU.Build.0 = Debug|Any CPU
		{D4FA1BE8-B53C-4770-B09F-0733F4C228C0}.Release|Any CPU.ActiveCfg = Release|Any CPU
		{D4FA1BE8-B53C-4770-B09F-0733F4C228C0}.Release|Any CPU.Build.0 = Release|Any CPU
		{C8BD2EAD-677F-43A0-90A3-3C263C6F5914}.Debug|Any CPU.ActiveCfg = Debug|Any CPU
		{C8BD2EAD-677F-43A0-90A3-3C263C6F5914}.Debug|Any CPU.Build.0 = Debug|Any CPU
		{C8BD2EAD-677F-43A0-90A3-3C263C6F5914}.Release|Any CPU.ActiveCfg = Release|Any CPU
		{C8BD2EAD-677F-43A0-90A3-3C263C6F5914}.Release|Any CPU.Build.0 = Release|Any CPU
		{308B25D0-10C7-40EF-95D5-DF29A3989124}.Debug|Any CPU.ActiveCfg = Debug|Any CPU
		{308B25D0-10C7-40EF-95D5-DF29A3989124}.Debug|Any CPU.Build.0 = Debug|Any CPU
		{308B25D0-10C7-40EF-95D5-DF29A3989124}.Release|Any CPU.ActiveCfg = Release|Any CPU
		{308B25D0-10C7-40EF-95D5-DF29A3989124}.Release|Any CPU.Build.0 = Release|Any CPU
		{1DA0B9C7-6409-44FB-BEC4-10055732320D}.Debug|Any CPU.ActiveCfg = Debug|Any CPU
		{1DA0B9C7-6409-44FB-BEC4-10055732320D}.Debug|Any CPU.Build.0 = Debug|Any CPU
		{1DA0B9C7-6409-44FB-BEC4-10055732320D}.Release|Any CPU.ActiveCfg = Release|Any CPU
		{1DA0B9C7-6409-44FB-BEC4-10055732320D}.Release|Any CPU.Build.0 = Release|Any CPU
		{C315DF82-98E7-448D-9C62-FBEF2F6EE8C5}.Debug|Any CPU.ActiveCfg = Debug|Any CPU
		{C315DF82-98E7-448D-9C62-FBEF2F6EE8C5}.Debug|Any CPU.Build.0 = Debug|Any CPU
		{C315DF82-98E7-448D-9C62-FBEF2F6EE8C5}.Release|Any CPU.ActiveCfg = Release|Any CPU
		{C315DF82-98E7-448D-9C62-FBEF2F6EE8C5}.Release|Any CPU.Build.0 = Release|Any CPU
		{7F039AB6-0345-4BCE-A806-E231C7D1C36C}.Debug|Any CPU.ActiveCfg = Debug|Any CPU
		{7F039AB6-0345-4BCE-A806-E231C7D1C36C}.Debug|Any CPU.Build.0 = Debug|Any CPU
		{7F039AB6-0345-4BCE-A806-E231C7D1C36C}.Release|Any CPU.ActiveCfg = Release|Any CPU
		{7F039AB6-0345-4BCE-A806-E231C7D1C36C}.Release|Any CPU.Build.0 = Release|Any CPU
		{D39C5DC9-18EB-4D21-B996-3C1A57A9EF7E}.Debug|Any CPU.ActiveCfg = Debug|Any CPU
		{D39C5DC9-18EB-4D21-B996-3C1A57A9EF7E}.Debug|Any CPU.Build.0 = Debug|Any CPU
		{D39C5DC9-18EB-4D21-B996-3C1A57A9EF7E}.Release|Any CPU.ActiveCfg = Release|Any CPU
		{D39C5DC9-18EB-4D21-B996-3C1A57A9EF7E}.Release|Any CPU.Build.0 = Release|Any CPU
		{EDE4E88E-E010-48B4-A0DE-37FB928DF7D1}.Debug|Any CPU.ActiveCfg = Debug|Any CPU
		{EDE4E88E-E010-48B4-A0DE-37FB928DF7D1}.Debug|Any CPU.Build.0 = Debug|Any CPU
		{EDE4E88E-E010-48B4-A0DE-37FB928DF7D1}.Release|Any CPU.ActiveCfg = Release|Any CPU
		{EDE4E88E-E010-48B4-A0DE-37FB928DF7D1}.Release|Any CPU.Build.0 = Release|Any CPU
		{8D81BD5A-39CA-472A-AB13-6FAB1E21B585}.Debug|Any CPU.ActiveCfg = Debug|Any CPU
		{8D81BD5A-39CA-472A-AB13-6FAB1E21B585}.Debug|Any CPU.Build.0 = Debug|Any CPU
		{8D81BD5A-39CA-472A-AB13-6FAB1E21B585}.Release|Any CPU.ActiveCfg = Release|Any CPU
		{8D81BD5A-39CA-472A-AB13-6FAB1E21B585}.Release|Any CPU.Build.0 = Release|Any CPU
		{57F26DFA-817D-4B70-B1A7-FD0CFDE556CC}.Debug|Any CPU.ActiveCfg = Debug|Any CPU
		{57F26DFA-817D-4B70-B1A7-FD0CFDE556CC}.Debug|Any CPU.Build.0 = Debug|Any CPU
		{57F26DFA-817D-4B70-B1A7-FD0CFDE556CC}.Release|Any CPU.ActiveCfg = Release|Any CPU
		{57F26DFA-817D-4B70-B1A7-FD0CFDE556CC}.Release|Any CPU.Build.0 = Release|Any CPU
		{995FB4D4-460B-4973-ABF9-3E1254FF7796}.Debug|Any CPU.ActiveCfg = Debug|Any CPU
		{995FB4D4-460B-4973-ABF9-3E1254FF7796}.Debug|Any CPU.Build.0 = Debug|Any CPU
		{995FB4D4-460B-4973-ABF9-3E1254FF7796}.Release|Any CPU.ActiveCfg = Release|Any CPU
		{995FB4D4-460B-4973-ABF9-3E1254FF7796}.Release|Any CPU.Build.0 = Release|Any CPU
		{E82E88CF-01C0-4094-BE5B-5F705BF0D7EB}.Debug|Any CPU.ActiveCfg = Debug|Any CPU
		{E82E88CF-01C0-4094-BE5B-5F705BF0D7EB}.Debug|Any CPU.Build.0 = Debug|Any CPU
		{E82E88CF-01C0-4094-BE5B-5F705BF0D7EB}.Release|Any CPU.ActiveCfg = Release|Any CPU
		{E82E88CF-01C0-4094-BE5B-5F705BF0D7EB}.Release|Any CPU.Build.0 = Release|Any CPU
		{FC8F42AF-6E66-48DE-BB77-A5E51EACAA8E}.Debug|Any CPU.ActiveCfg = Debug|Any CPU
		{FC8F42AF-6E66-48DE-BB77-A5E51EACAA8E}.Debug|Any CPU.Build.0 = Debug|Any CPU
		{FC8F42AF-6E66-48DE-BB77-A5E51EACAA8E}.Release|Any CPU.ActiveCfg = Release|Any CPU
		{FC8F42AF-6E66-48DE-BB77-A5E51EACAA8E}.Release|Any CPU.Build.0 = Release|Any CPU
		{DFEC5B9F-F101-4CBE-9931-D330A8BF158F}.Debug|Any CPU.ActiveCfg = Debug|Any CPU
		{DFEC5B9F-F101-4CBE-9931-D330A8BF158F}.Debug|Any CPU.Build.0 = Debug|Any CPU
		{DFEC5B9F-F101-4CBE-9931-D330A8BF158F}.Release|Any CPU.ActiveCfg = Release|Any CPU
		{DFEC5B9F-F101-4CBE-9931-D330A8BF158F}.Release|Any CPU.Build.0 = Release|Any CPU
		{172A7249-01F2-4CE3-867C-C177F4F94ACA}.Debug|Any CPU.ActiveCfg = Debug|Any CPU
		{172A7249-01F2-4CE3-867C-C177F4F94ACA}.Debug|Any CPU.Build.0 = Debug|Any CPU
		{172A7249-01F2-4CE3-867C-C177F4F94ACA}.Release|Any CPU.ActiveCfg = Release|Any CPU
		{172A7249-01F2-4CE3-867C-C177F4F94ACA}.Release|Any CPU.Build.0 = Release|Any CPU
		{C5F0D63E-FDFD-4592-926A-015A95B2CB28}.Debug|Any CPU.ActiveCfg = Debug|Any CPU
		{C5F0D63E-FDFD-4592-926A-015A95B2CB28}.Debug|Any CPU.Build.0 = Debug|Any CPU
		{C5F0D63E-FDFD-4592-926A-015A95B2CB28}.Release|Any CPU.ActiveCfg = Release|Any CPU
		{C5F0D63E-FDFD-4592-926A-015A95B2CB28}.Release|Any CPU.Build.0 = Release|Any CPU
		{ECD55DE7-D839-4A72-AF09-053F842BDA5C}.Debug|Any CPU.ActiveCfg = Debug|Any CPU
		{ECD55DE7-D839-4A72-AF09-053F842BDA5C}.Debug|Any CPU.Build.0 = Debug|Any CPU
		{ECD55DE7-D839-4A72-AF09-053F842BDA5C}.Release|Any CPU.ActiveCfg = Release|Any CPU
		{ECD55DE7-D839-4A72-AF09-053F842BDA5C}.Release|Any CPU.Build.0 = Release|Any CPU
		{D3F1C92E-E996-4E43-BF87-4291C654DC1C}.Debug|Any CPU.ActiveCfg = Debug|Any CPU
		{D3F1C92E-E996-4E43-BF87-4291C654DC1C}.Debug|Any CPU.Build.0 = Debug|Any CPU
		{D3F1C92E-E996-4E43-BF87-4291C654DC1C}.Release|Any CPU.ActiveCfg = Release|Any CPU
		{D3F1C92E-E996-4E43-BF87-4291C654DC1C}.Release|Any CPU.Build.0 = Release|Any CPU
	EndGlobalSection
	GlobalSection(SolutionProperties) = preSolution
		HideSolutionNode = FALSE
	EndGlobalSection
	GlobalSection(ExtensibilityGlobals) = postSolution
		SolutionGuid = {2D56B7A8-6754-47BE-831F-9F36E8108B92}
	EndGlobalSection
EndGlobal
